Microsoft Visual Studio Solution File, Format Version 12.00
# Visual Studio Version 17
VisualStudioVersion = 17.0.31903.59
MinimumVisualStudioVersion = 10.0.40219.1
Project("{9A19103F-16F7-4668-BE54-9A1E7A4F7556}") = "MetaArt.Sketches", "MetaArt.Sketches\MetaArt.Sketches.csproj", "{875E8BBB-ABA7-421C-BC4D-6F18C9501DE3}"
EndProject
Project("{9A19103F-16F7-4668-BE54-9A1E7A4F7556}") = "MetaArt.Sketches.Skia", "MetaArt.Sketches.Skia\MetaArt.Sketches.Skia.csproj", "{EA7712C8-1485-4CFA-8F80-CC2667F8EC22}"
EndProject
Project("{2150E333-8FDC-42A3-9474-1A3956D46DE8}") = "Sketches", "Sketches", "{D4F95FA2-3CFC-4EC0-8DAB-A7012A4F9631}"
EndProject
Project("{9A19103F-16F7-4668-BE54-9A1E7A4F7556}") = "MetaArt.Sketches.Tests", "MetaArt.Sketches.Tests\MetaArt.Sketches.Tests.csproj", "{4B778C16-E3D7-4F3E-9C1A-8CB3F3ADD2A6}"
EndProject
Project("{FAE04EC0-301F-11D3-BF4B-00C04F79EFBC}") = "MetaArt.Xamarin.Android", "MetaArt.Xamarin\MetaArt.Xamarin.Android\MetaArt.Xamarin.Android.csproj", "{62C800CC-C585-45BD-9CCF-212395DB7060}"
EndProject
Project("{FAE04EC0-301F-11D3-BF4B-00C04F79EFBC}") = "MetaArt.Xamarin.iOS", "MetaArt.Xamarin\MetaArt.Xamarin.iOS\MetaArt.Xamarin.iOS.csproj", "{A4621D30-08DB-48A2-B2D9-36A4007A8556}"
EndProject
Project("{FAE04EC0-301F-11D3-BF4B-00C04F79EFBC}") = "MetaArt.Xamarin", "MetaArt.Xamarin\MetaArt.Xamarin\MetaArt.Xamarin.csproj", "{17C3FD2C-8D25-41FA-ACC9-8F4628218CEF}"
EndProject
Project("{2150E333-8FDC-42A3-9474-1A3956D46DE8}") = "MetaArt", "MetaArt", "{65878B19-F4C2-4BAD-80CC-E5A2A1038D83}"
EndProject
Project("{9A19103F-16F7-4668-BE54-9A1E7A4F7556}") = "MetaArt", "..\MetaArt\MetaArt\MetaArt.csproj", "{6818A9CD-D24C-45E2-ACD8-2B31AA44D01A}"
EndProject
Project("{9A19103F-16F7-4668-BE54-9A1E7A4F7556}") = "MetaArt.Skia", "..\MetaArt\MetaArt.Skia\MetaArt.Skia.csproj", "{54AE77AF-8556-4AF0-B5BD-7F028EB95F52}"
EndProject
Project("{9A19103F-16F7-4668-BE54-9A1E7A4F7556}") = "Meta3D", "..\Meta3D\Meta3D\Meta3D.csproj", "{5E8DDF42-6939-4D83-8646-C1D2BCA1239E}"
EndProject
Project("{2150E333-8FDC-42A3-9474-1A3956D46DE8}") = "Meta3D", "Meta3D", "{28843FF0-F851-4CEB-9229-66BB26FB9440}"
EndProject
Project("{9A19103F-16F7-4668-BE54-9A1E7A4F7556}") = "Meta3D.Sketch", "..\Meta3D\Meta3D.Sketch\Meta3D.Sketch.csproj", "{B87837E9-8D44-43AF-B5C6-E402A680D73F}"
EndProject
Project("{9A19103F-16F7-4668-BE54-9A1E7A4F7556}") = "Meta3D.Tests", "..\Meta3D\Meta3D.Tests\Meta3D.Tests.csproj", "{F87899F9-E143-4475-AE08-DB69CE3BA4AD}"
EndProject
Project("{FAE04EC0-301F-11D3-BF4B-00C04F79EFBC}") = "MetaArt.XamarinForms", "..\MetaArt\MetaArt.XamarinForms\MetaArt.XamarinForms.csproj", "{BE2A671D-3F95-4BDB-98FA-7BB0A1F437A2}"
EndProject
Global
	GlobalSection(SolutionConfigurationPlatforms) = preSolution
		Debug|Any CPU = Debug|Any CPU
		Debug|iPhone = Debug|iPhone
		Debug|iPhoneSimulator = Debug|iPhoneSimulator
		Release|Any CPU = Release|Any CPU
		Release|iPhone = Release|iPhone
		Release|iPhoneSimulator = Release|iPhoneSimulator
	EndGlobalSection
	GlobalSection(ProjectConfigurationPlatforms) = postSolution
		{875E8BBB-ABA7-421C-BC4D-6F18C9501DE3}.Debug|Any CPU.ActiveCfg = Debug|Any CPU
		{875E8BBB-ABA7-421C-BC4D-6F18C9501DE3}.Debug|Any CPU.Build.0 = Debug|Any CPU
		{875E8BBB-ABA7-421C-BC4D-6F18C9501DE3}.Debug|iPhone.ActiveCfg = Debug|Any CPU
		{875E8BBB-ABA7-421C-BC4D-6F18C9501DE3}.Debug|iPhone.Build.0 = Debug|Any CPU
		{875E8BBB-ABA7-421C-BC4D-6F18C9501DE3}.Debug|iPhoneSimulator.ActiveCfg = Debug|Any CPU
		{875E8BBB-ABA7-421C-BC4D-6F18C9501DE3}.Debug|iPhoneSimulator.Build.0 = Debug|Any CPU
		{875E8BBB-ABA7-421C-BC4D-6F18C9501DE3}.Release|Any CPU.ActiveCfg = Release|Any CPU
		{875E8BBB-ABA7-421C-BC4D-6F18C9501DE3}.Release|Any CPU.Build.0 = Release|Any CPU
		{875E8BBB-ABA7-421C-BC4D-6F18C9501DE3}.Release|iPhone.ActiveCfg = Release|Any CPU
		{875E8BBB-ABA7-421C-BC4D-6F18C9501DE3}.Release|iPhone.Build.0 = Release|Any CPU
		{875E8BBB-ABA7-421C-BC4D-6F18C9501DE3}.Release|iPhoneSimulator.ActiveCfg = Release|Any CPU
		{875E8BBB-ABA7-421C-BC4D-6F18C9501DE3}.Release|iPhoneSimulator.Build.0 = Release|Any CPU
		{EA7712C8-1485-4CFA-8F80-CC2667F8EC22}.Debug|Any CPU.ActiveCfg = Debug|Any CPU
		{EA7712C8-1485-4CFA-8F80-CC2667F8EC22}.Debug|Any CPU.Build.0 = Debug|Any CPU
		{EA7712C8-1485-4CFA-8F80-CC2667F8EC22}.Debug|iPhone.ActiveCfg = Debug|Any CPU
		{EA7712C8-1485-4CFA-8F80-CC2667F8EC22}.Debug|iPhone.Build.0 = Debug|Any CPU
		{EA7712C8-1485-4CFA-8F80-CC2667F8EC22}.Debug|iPhoneSimulator.ActiveCfg = Debug|Any CPU
		{EA7712C8-1485-4CFA-8F80-CC2667F8EC22}.Debug|iPhoneSimulator.Build.0 = Debug|Any CPU
		{EA7712C8-1485-4CFA-8F80-CC2667F8EC22}.Release|Any CPU.ActiveCfg = Release|Any CPU
		{EA7712C8-1485-4CFA-8F80-CC2667F8EC22}.Release|Any CPU.Build.0 = Release|Any CPU
		{EA7712C8-1485-4CFA-8F80-CC2667F8EC22}.Release|iPhone.ActiveCfg = Release|Any CPU
		{EA7712C8-1485-4CFA-8F80-CC2667F8EC22}.Release|iPhone.Build.0 = Release|Any CPU
		{EA7712C8-1485-4CFA-8F80-CC2667F8EC22}.Release|iPhoneSimulator.ActiveCfg = Release|Any CPU
		{EA7712C8-1485-4CFA-8F80-CC2667F8EC22}.Release|iPhoneSimulator.Build.0 = Release|Any CPU
		{4B778C16-E3D7-4F3E-9C1A-8CB3F3ADD2A6}.Debug|Any CPU.ActiveCfg = Debug|Any CPU
		{4B778C16-E3D7-4F3E-9C1A-8CB3F3ADD2A6}.Debug|Any CPU.Build.0 = Debug|Any CPU
		{4B778C16-E3D7-4F3E-9C1A-8CB3F3ADD2A6}.Debug|iPhone.ActiveCfg = Debug|Any CPU
		{4B778C16-E3D7-4F3E-9C1A-8CB3F3ADD2A6}.Debug|iPhone.Build.0 = Debug|Any CPU
		{4B778C16-E3D7-4F3E-9C1A-8CB3F3ADD2A6}.Debug|iPhoneSimulator.ActiveCfg = Debug|Any CPU
		{4B778C16-E3D7-4F3E-9C1A-8CB3F3ADD2A6}.Debug|iPhoneSimulator.Build.0 = Debug|Any CPU
		{4B778C16-E3D7-4F3E-9C1A-8CB3F3ADD2A6}.Release|Any CPU.ActiveCfg = Release|Any CPU
		{4B778C16-E3D7-4F3E-9C1A-8CB3F3ADD2A6}.Release|Any CPU.Build.0 = Release|Any CPU
		{4B778C16-E3D7-4F3E-9C1A-8CB3F3ADD2A6}.Release|iPhone.ActiveCfg = Release|Any CPU
		{4B778C16-E3D7-4F3E-9C1A-8CB3F3ADD2A6}.Release|iPhone.Build.0 = Release|Any CPU
		{4B778C16-E3D7-4F3E-9C1A-8CB3F3ADD2A6}.Release|iPhoneSimulator.ActiveCfg = Release|Any CPU
		{4B778C16-E3D7-4F3E-9C1A-8CB3F3ADD2A6}.Release|iPhoneSimulator.Build.0 = Release|Any CPU
		{62C800CC-C585-45BD-9CCF-212395DB7060}.Debug|Any CPU.ActiveCfg = Debug|Any CPU
		{62C800CC-C585-45BD-9CCF-212395DB7060}.Debug|Any CPU.Build.0 = Debug|Any CPU
		{62C800CC-C585-45BD-9CCF-212395DB7060}.Debug|Any CPU.Deploy.0 = Debug|Any CPU
		{62C800CC-C585-45BD-9CCF-212395DB7060}.Debug|iPhone.ActiveCfg = Debug|Any CPU
		{62C800CC-C585-45BD-9CCF-212395DB7060}.Debug|iPhone.Build.0 = Debug|Any CPU
		{62C800CC-C585-45BD-9CCF-212395DB7060}.Debug|iPhoneSimulator.ActiveCfg = Debug|Any CPU
		{62C800CC-C585-45BD-9CCF-212395DB7060}.Debug|iPhoneSimulator.Build.0 = Debug|Any CPU
		{62C800CC-C585-45BD-9CCF-212395DB7060}.Release|Any CPU.ActiveCfg = Release|Any CPU
		{62C800CC-C585-45BD-9CCF-212395DB7060}.Release|Any CPU.Build.0 = Release|Any CPU
		{62C800CC-C585-45BD-9CCF-212395DB7060}.Release|iPhone.ActiveCfg = Release|Any CPU
		{62C800CC-C585-45BD-9CCF-212395DB7060}.Release|iPhone.Build.0 = Release|Any CPU
		{62C800CC-C585-45BD-9CCF-212395DB7060}.Release|iPhoneSimulator.ActiveCfg = Release|Any CPU
		{62C800CC-C585-45BD-9CCF-212395DB7060}.Release|iPhoneSimulator.Build.0 = Release|Any CPU
		{A4621D30-08DB-48A2-B2D9-36A4007A8556}.Debug|Any CPU.ActiveCfg = Debug|iPhoneSimulator
		{A4621D30-08DB-48A2-B2D9-36A4007A8556}.Debug|Any CPU.Build.0 = Debug|iPhoneSimulator
		{A4621D30-08DB-48A2-B2D9-36A4007A8556}.Debug|iPhone.ActiveCfg = Debug|iPhone
		{A4621D30-08DB-48A2-B2D9-36A4007A8556}.Debug|iPhone.Build.0 = Debug|iPhone
		{A4621D30-08DB-48A2-B2D9-36A4007A8556}.Debug|iPhoneSimulator.ActiveCfg = Debug|iPhoneSimulator
		{A4621D30-08DB-48A2-B2D9-36A4007A8556}.Debug|iPhoneSimulator.Build.0 = Debug|iPhoneSimulator
		{A4621D30-08DB-48A2-B2D9-36A4007A8556}.Release|Any CPU.ActiveCfg = Release|iPhoneSimulator
		{A4621D30-08DB-48A2-B2D9-36A4007A8556}.Release|Any CPU.Build.0 = Release|iPhoneSimulator
		{A4621D30-08DB-48A2-B2D9-36A4007A8556}.Release|iPhone.ActiveCfg = Release|iPhone
		{A4621D30-08DB-48A2-B2D9-36A4007A8556}.Release|iPhone.Build.0 = Release|iPhone
		{A4621D30-08DB-48A2-B2D9-36A4007A8556}.Release|iPhoneSimulator.ActiveCfg = Release|iPhoneSimulator
		{A4621D30-08DB-48A2-B2D9-36A4007A8556}.Release|iPhoneSimulator.Build.0 = Release|iPhoneSimulator
		{17C3FD2C-8D25-41FA-ACC9-8F4628218CEF}.Debug|Any CPU.ActiveCfg = Debug|Any CPU
		{17C3FD2C-8D25-41FA-ACC9-8F4628218CEF}.Debug|Any CPU.Build.0 = Debug|Any CPU
		{17C3FD2C-8D25-41FA-ACC9-8F4628218CEF}.Debug|iPhone.ActiveCfg = Debug|Any CPU
		{17C3FD2C-8D25-41FA-ACC9-8F4628218CEF}.Debug|iPhone.Build.0 = Debug|Any CPU
		{17C3FD2C-8D25-41FA-ACC9-8F4628218CEF}.Debug|iPhoneSimulator.ActiveCfg = Debug|Any CPU
		{17C3FD2C-8D25-41FA-ACC9-8F4628218CEF}.Debug|iPhoneSimulator.Build.0 = Debug|Any CPU
		{17C3FD2C-8D25-41FA-ACC9-8F4628218CEF}.Release|Any CPU.ActiveCfg = Release|Any CPU
		{17C3FD2C-8D25-41FA-ACC9-8F4628218CEF}.Release|Any CPU.Build.0 = Release|Any CPU
		{17C3FD2C-8D25-41FA-ACC9-8F4628218CEF}.Release|iPhone.ActiveCfg = Release|Any CPU
		{17C3FD2C-8D25-41FA-ACC9-8F4628218CEF}.Release|iPhone.Build.0 = Release|Any CPU
		{17C3FD2C-8D25-41FA-ACC9-8F4628218CEF}.Release|iPhoneSimulator.ActiveCfg = Release|Any CPU
		{17C3FD2C-8D25-41FA-ACC9-8F4628218CEF}.Release|iPhoneSimulator.Build.0 = Release|Any CPU
		{6818A9CD-D24C-45E2-ACD8-2B31AA44D01A}.Debug|Any CPU.ActiveCfg = Debug|Any CPU
		{6818A9CD-D24C-45E2-ACD8-2B31AA44D01A}.Debug|Any CPU.Build.0 = Debug|Any CPU
		{6818A9CD-D24C-45E2-ACD8-2B31AA44D01A}.Debug|iPhone.ActiveCfg = Debug|Any CPU
		{6818A9CD-D24C-45E2-ACD8-2B31AA44D01A}.Debug|iPhone.Build.0 = Debug|Any CPU
		{6818A9CD-D24C-45E2-ACD8-2B31AA44D01A}.Debug|iPhoneSimulator.ActiveCfg = Debug|Any CPU
		{6818A9CD-D24C-45E2-ACD8-2B31AA44D01A}.Debug|iPhoneSimulator.Build.0 = Debug|Any CPU
		{6818A9CD-D24C-45E2-ACD8-2B31AA44D01A}.Release|Any CPU.ActiveCfg = Release|Any CPU
		{6818A9CD-D24C-45E2-ACD8-2B31AA44D01A}.Release|Any CPU.Build.0 = Release|Any CPU
		{6818A9CD-D24C-45E2-ACD8-2B31AA44D01A}.Release|iPhone.ActiveCfg = Release|Any CPU
		{6818A9CD-D24C-45E2-ACD8-2B31AA44D01A}.Release|iPhone.Build.0 = Release|Any CPU
		{6818A9CD-D24C-45E2-ACD8-2B31AA44D01A}.Release|iPhoneSimulator.ActiveCfg = Release|Any CPU
		{6818A9CD-D24C-45E2-ACD8-2B31AA44D01A}.Release|iPhoneSimulator.Build.0 = Release|Any CPU
		{54AE77AF-8556-4AF0-B5BD-7F028EB95F52}.Debug|Any CPU.ActiveCfg = Debug|Any CPU
		{54AE77AF-8556-4AF0-B5BD-7F028EB95F52}.Debug|Any CPU.Build.0 = Debug|Any CPU
		{54AE77AF-8556-4AF0-B5BD-7F028EB95F52}.Debug|iPhone.ActiveCfg = Debug|Any CPU
		{54AE77AF-8556-4AF0-B5BD-7F028EB95F52}.Debug|iPhone.Build.0 = Debug|Any CPU
		{54AE77AF-8556-4AF0-B5BD-7F028EB95F52}.Debug|iPhoneSimulator.ActiveCfg = Debug|Any CPU
		{54AE77AF-8556-4AF0-B5BD-7F028EB95F52}.Debug|iPhoneSimulator.Build.0 = Debug|Any CPU
		{54AE77AF-8556-4AF0-B5BD-7F028EB95F52}.Release|Any CPU.ActiveCfg = Release|Any CPU
		{54AE77AF-8556-4AF0-B5BD-7F028EB95F52}.Release|Any CPU.Build.0 = Release|Any CPU
		{54AE77AF-8556-4AF0-B5BD-7F028EB95F52}.Release|iPhone.ActiveCfg = Release|Any CPU
		{54AE77AF-8556-4AF0-B5BD-7F028EB95F52}.Release|iPhone.Build.0 = Release|Any CPU
		{54AE77AF-8556-4AF0-B5BD-7F028EB95F52}.Release|iPhoneSimulator.ActiveCfg = Release|Any CPU
		{54AE77AF-8556-4AF0-B5BD-7F028EB95F52}.Release|iPhoneSimulator.Build.0 = Release|Any CPU
		{5E8DDF42-6939-4D83-8646-C1D2BCA1239E}.Debug|Any CPU.ActiveCfg = Debug|Any CPU
		{5E8DDF42-6939-4D83-8646-C1D2BCA1239E}.Debug|Any CPU.Build.0 = Debug|Any CPU
		{5E8DDF42-6939-4D83-8646-C1D2BCA1239E}.Debug|iPhone.ActiveCfg = Debug|Any CPU
		{5E8DDF42-6939-4D83-8646-C1D2BCA1239E}.Debug|iPhone.Build.0 = Debug|Any CPU
		{5E8DDF42-6939-4D83-8646-C1D2BCA1239E}.Debug|iPhoneSimulator.ActiveCfg = Debug|Any CPU
		{5E8DDF42-6939-4D83-8646-C1D2BCA1239E}.Debug|iPhoneSimulator.Build.0 = Debug|Any CPU
		{5E8DDF42-6939-4D83-8646-C1D2BCA1239E}.Release|Any CPU.ActiveCfg = Release|Any CPU
		{5E8DDF42-6939-4D83-8646-C1D2BCA1239E}.Release|Any CPU.Build.0 = Release|Any CPU
		{5E8DDF42-6939-4D83-8646-C1D2BCA1239E}.Release|iPhone.ActiveCfg = Release|Any CPU
		{5E8DDF42-6939-4D83-8646-C1D2BCA1239E}.Release|iPhone.Build.0 = Release|Any CPU
		{5E8DDF42-6939-4D83-8646-C1D2BCA1239E}.Release|iPhoneSimulator.ActiveCfg = Release|Any CPU
		{5E8DDF42-6939-4D83-8646-C1D2BCA1239E}.Release|iPhoneSimulator.Build.0 = Release|Any CPU
		{B87837E9-8D44-43AF-B5C6-E402A680D73F}.Debug|Any CPU.ActiveCfg = Debug|Any CPU
		{B87837E9-8D44-43AF-B5C6-E402A680D73F}.Debug|Any CPU.Build.0 = Debug|Any CPU
		{B87837E9-8D44-43AF-B5C6-E402A680D73F}.Debug|iPhone.ActiveCfg = Debug|Any CPU
		{B87837E9-8D44-43AF-B5C6-E402A680D73F}.Debug|iPhone.Build.0 = Debug|Any CPU
		{B87837E9-8D44-43AF-B5C6-E402A680D73F}.Debug|iPhoneSimulator.ActiveCfg = Debug|Any CPU
		{B87837E9-8D44-43AF-B5C6-E402A680D73F}.Debug|iPhoneSimulator.Build.0 = Debug|Any CPU
		{B87837E9-8D44-43AF-B5C6-E402A680D73F}.Release|Any CPU.ActiveCfg = Release|Any CPU
		{B87837E9-8D44-43AF-B5C6-E402A680D73F}.Release|Any CPU.Build.0 = Release|Any CPU
		{B87837E9-8D44-43AF-B5C6-E402A680D73F}.Release|iPhone.ActiveCfg = Release|Any CPU
		{B87837E9-8D44-43AF-B5C6-E402A680D73F}.Release|iPhone.Build.0 = Release|Any CPU
		{B87837E9-8D44-43AF-B5C6-E402A680D73F}.Release|iPhoneSimulator.ActiveCfg = Release|Any CPU
		{B87837E9-8D44-43AF-B5C6-E402A680D73F}.Release|iPhoneSimulator.Build.0 = Release|Any CPU
		{F87899F9-E143-4475-AE08-DB69CE3BA4AD}.Debug|Any CPU.ActiveCfg = Debug|Any CPU
		{F87899F9-E143-4475-AE08-DB69CE3BA4AD}.Debug|Any CPU.Build.0 = Debug|Any CPU
		{F87899F9-E143-4475-AE08-DB69CE3BA4AD}.Debug|iPhone.ActiveCfg = Debug|Any CPU
		{F87899F9-E143-4475-AE08-DB69CE3BA4AD}.Debug|iPhone.Build.0 = Debug|Any CPU
		{F87899F9-E143-4475-AE08-DB69CE3BA4AD}.Debug|iPhoneSimulator.ActiveCfg = Debug|Any CPU
		{F87899F9-E143-4475-AE08-DB69CE3BA4AD}.Debug|iPhoneSimulator.Build.0 = Debug|Any CPU
		{F87899F9-E143-4475-AE08-DB69CE3BA4AD}.Release|Any CPU.ActiveCfg = Release|Any CPU
		{F87899F9-E143-4475-AE08-DB69CE3BA4AD}.Release|Any CPU.Build.0 = Release|Any CPU
		{F87899F9-E143-4475-AE08-DB69CE3BA4AD}.Release|iPhone.ActiveCfg = Release|Any CPU
		{F87899F9-E143-4475-AE08-DB69CE3BA4AD}.Release|iPhone.Build.0 = Release|Any CPU
		{F87899F9-E143-4475-AE08-DB69CE3BA4AD}.Release|iPhoneSimulator.ActiveCfg = Release|Any CPU
		{F87899F9-E143-4475-AE08-DB69CE3BA4AD}.Release|iPhoneSimulator.Build.0 = Release|Any CPU
		{BE2A671D-3F95-4BDB-98FA-7BB0A1F437A2}.Debug|Any CPU.ActiveCfg = Debug|Any CPU
		{BE2A671D-3F95-4BDB-98FA-7BB0A1F437A2}.Debug|Any CPU.Build.0 = Debug|Any CPU
		{BE2A671D-3F95-4BDB-98FA-7BB0A1F437A2}.Debug|iPhone.ActiveCfg = Debug|Any CPU
		{BE2A671D-3F95-4BDB-98FA-7BB0A1F437A2}.Debug|iPhone.Build.0 = Debug|Any CPU
		{BE2A671D-3F95-4BDB-98FA-7BB0A1F437A2}.Debug|iPhoneSimulator.ActiveCfg = Debug|Any CPU
		{BE2A671D-3F95-4BDB-98FA-7BB0A1F437A2}.Debug|iPhoneSimulator.Build.0 = Debug|Any CPU
		{BE2A671D-3F95-4BDB-98FA-7BB0A1F437A2}.Release|Any CPU.ActiveCfg = Release|Any CPU
		{BE2A671D-3F95-4BDB-98FA-7BB0A1F437A2}.Release|Any CPU.Build.0 = Release|Any CPU
		{BE2A671D-3F95-4BDB-98FA-7BB0A1F437A2}.Release|iPhone.ActiveCfg = Release|Any CPU
		{BE2A671D-3F95-4BDB-98FA-7BB0A1F437A2}.Release|iPhone.Build.0 = Release|Any CPU
		{BE2A671D-3F95-4BDB-98FA-7BB0A1F437A2}.Release|iPhoneSimulator.ActiveCfg = Release|Any CPU
		{BE2A671D-3F95-4BDB-98FA-7BB0A1F437A2}.Release|iPhoneSimulator.Build.0 = Release|Any CPU
	EndGlobalSection
	GlobalSection(SolutionProperties) = preSolution
		HideSolutionNode = FALSE
	EndGlobalSection
	GlobalSection(NestedProjects) = preSolution
		{875E8BBB-ABA7-421C-BC4D-6F18C9501DE3} = {D4F95FA2-3CFC-4EC0-8DAB-A7012A4F9631}
		{EA7712C8-1485-4CFA-8F80-CC2667F8EC22} = {D4F95FA2-3CFC-4EC0-8DAB-A7012A4F9631}
		{4B778C16-E3D7-4F3E-9C1A-8CB3F3ADD2A6} = {D4F95FA2-3CFC-4EC0-8DAB-A7012A4F9631}
		{6818A9CD-D24C-45E2-ACD8-2B31AA44D01A} = {65878B19-F4C2-4BAD-80CC-E5A2A1038D83}
		{54AE77AF-8556-4AF0-B5BD-7F028EB95F52} = {65878B19-F4C2-4BAD-80CC-E5A2A1038D83}
		{5E8DDF42-6939-4D83-8646-C1D2BCA1239E} = {28843FF0-F851-4CEB-9229-66BB26FB9440}
		{B87837E9-8D44-43AF-B5C6-E402A680D73F} = {28843FF0-F851-4CEB-9229-66BB26FB9440}
		{F87899F9-E143-4475-AE08-DB69CE3BA4AD} = {28843FF0-F851-4CEB-9229-66BB26FB9440}
		{BE2A671D-3F95-4BDB-98FA-7BB0A1F437A2} = {65878B19-F4C2-4BAD-80CC-E5A2A1038D83}
	EndGlobalSection
	GlobalSection(ExtensibilityGlobals) = postSolution
		SolutionGuid = {870AAA66-0D5A-43F7-AC2E-BD9D40287115}
	EndGlobalSection
EndGlobal
