
Microsoft Visual Studio Solution File, Format Version 12.00
# Visual Studio Version 17
VisualStudioVersion = 17.0.31903.59
MinimumVisualStudioVersion = 10.0.40219.1
Project("{9A19103F-16F7-4668-BE54-9A1E7A4F7556}") = "MetaArt", "MetaArt\MetaArt.csproj", "{E57EF327-D17E-47E1-840B-29AFD08BDE07}"
EndProject
Project("{9A19103F-16F7-4668-BE54-9A1E7A4F7556}") = "MetaArt.Wpf", "MetaArt.Wpf.App\MetaArt.Wpf.csproj", "{51E6F6F8-A59C-411C-9193-49D8B93AB748}"
EndProject
Project("{FAE04EC0-301F-11D3-BF4B-00C04F79EFBC}") = "MetaArt.Sketches", "MetaArt.Sketches\MetaArt.Sketches.csproj", "{875E8BBB-ABA7-421C-BC4D-6F18C9501DE3}"
EndProject
Global
	GlobalSection(SolutionConfigurationPlatforms) = preSolution
		Debug|Any CPU = Debug|Any CPU
		Release|Any CPU = Release|Any CPU
	EndGlobalSection
	GlobalSection(ProjectConfigurationPlatforms) = postSolution
		{E57EF327-D17E-47E1-840B-29AFD08BDE07}.Debug|Any CPU.ActiveCfg = Debug|Any CPU
		{E57EF327-D17E-47E1-840B-29AFD08BDE07}.Debug|Any CPU.Build.0 = Debug|Any CPU
		{E57EF327-D17E-47E1-840B-29AFD08BDE07}.Release|Any CPU.ActiveCfg = Release|Any CPU
		{E57EF327-D17E-47E1-840B-29AFD08BDE07}.Release|Any CPU.Build.0 = Release|Any CPU
		{51E6F6F8-A59C-411C-9193-49D8B93AB748}.Debug|Any CPU.ActiveCfg = Debug|Any CPU
		{51E6F6F8-A59C-411C-9193-49D8B93AB748}.Debug|Any CPU.Build.0 = Debug|Any CPU
		{51E6F6F8-A59C-411C-9193-49D8B93AB748}.Release|Any CPU.ActiveCfg = Release|Any CPU
		{51E6F6F8-A59C-411C-9193-49D8B93AB748}.Release|Any CPU.Build.0 = Release|Any CPU
		{875E8BBB-ABA7-421C-BC4D-6F18C9501DE3}.Debug|Any CPU.ActiveCfg = Debug|Any CPU
		{875E8BBB-ABA7-421C-BC4D-6F18C9501DE3}.Debug|Any CPU.Build.0 = Debug|Any CPU
		{875E8BBB-ABA7-421C-BC4D-6F18C9501DE3}.Release|Any CPU.ActiveCfg = Release|Any CPU
		{875E8BBB-ABA7-421C-BC4D-6F18C9501DE3}.Release|Any CPU.Build.0 = Release|Any CPU
	EndGlobalSection
	GlobalSection(SolutionProperties) = preSolution
		HideSolutionNode = FALSE
	EndGlobalSection
	GlobalSection(ExtensibilityGlobals) = postSolution
		SolutionGuid = {870AAA66-0D5A-43F7-AC2E-BD9D40287115}
	EndGlobalSection
EndGlobal
